
Microsoft Visual Studio Solution File, Format Version 12.00
# Visual Studio Version 16
VisualStudioVersion = 16.0.30523.141
MinimumVisualStudioVersion = 10.0.40219.1
Project("{FAE04EC0-301F-11D3-BF4B-00C04F79EFBC}") = "WinApp1", "WinApp1\WinApp1.csproj", "{DDC653D2-BF37-43C7-A01A-DCDB8BBC6DD3}"
EndProject
Global
	GlobalSection(SolutionConfigurationPlatforms) = preSolution
		Debug|Any CPU = Debug|Any CPU
		Release|Any CPU = Release|Any CPU
	EndGlobalSection
	GlobalSection(ProjectConfigurationPlatforms) = postSolution
		{DDC653D2-BF37-43C7-A01A-DCDB8BBC6DD3}.Debug|Any CPU.ActiveCfg = Debug|Any CPU
		{DDC653D2-BF37-43C7-A01A-DCDB8BBC6DD3}.Debug|Any CPU.Build.0 = Debug|Any CPU
		{DDC653D2-BF37-43C7-A01A-DCDB8BBC6DD3}.Release|Any CPU.ActiveCfg = Release|Any CPU
		{DDC653D2-BF37-43C7-A01A-DCDB8BBC6DD3}.Release|Any CPU.Build.0 = Release|Any CPU
	EndGlobalSection
	GlobalSection(SolutionProperties) = preSolution
		HideSolutionNode = FALSE
	EndGlobalSection
	GlobalSection(ExtensibilityGlobals) = postSolution
		SolutionGuid = {31B3AFF1-AF00-4E83-84BC-2691252DC4D8}
	EndGlobalSection
EndGlobal
